// !$*UTF8*$!
{
	archiveVersion = 1;
	classes = {
	};
	objectVersion = 56;
	objects = {

/* Begin PBXBuildFile section */
		6E0174DF2B7C637200E9E02F /* MyARView.swift in Sources */ = {isa = PBXBuildFile; fileRef = 6E0174DE2B7C637200E9E02F /* MyARView.swift */; };
		6E0DBFE52B7B229300C1741D /* Earth.usdz in Resources */ = {isa = PBXBuildFile; fileRef = 6E0DBFE42B7B229300C1741D /* Earth.usdz */; };
		6E0DBFEC2B7B3E3A00C1741D /* tahoe.jpg in Resources */ = {isa = PBXBuildFile; fileRef = 6E0DBFEB2B7B3E3A00C1741D /* tahoe.jpg */; };
		6E3C4E192B7BB8BD0085BF06 /* FocusEntity in Frameworks */ = {isa = PBXBuildFile; productRef = 6E3C4E182B7BB8BD0085BF06 /* FocusEntity */; };
		6E445E182B7B15B600F4A631 /* AppDelegate.swift in Sources */ = {isa = PBXBuildFile; fileRef = 6E445E172B7B15B600F4A631 /* AppDelegate.swift */; };
		6E445E1A2B7B15B600F4A631 /* ContentView.swift in Sources */ = {isa = PBXBuildFile; fileRef = 6E445E192B7B15B600F4A631 /* ContentView.swift */; };
		6E445E1C2B7B15B700F4A631 /* Assets.xcassets in Resources */ = {isa = PBXBuildFile; fileRef = 6E445E1B2B7B15B700F4A631 /* Assets.xcassets */; };
		6E445E1F2B7B15B700F4A631 /* Preview Assets.xcassets in Resources */ = {isa = PBXBuildFile; fileRef = 6E445E1E2B7B15B700F4A631 /* Preview Assets.xcassets */; };
		6ECA076D2B7BD6F50046BF63 /* frame5.usdz in Resources */ = {isa = PBXBuildFile; fileRef = 6ECA07682B7BD6F50046BF63 /* frame5.usdz */; };
		6ECA076E2B7BD6F50046BF63 /* frame4.usdz in Resources */ = {isa = PBXBuildFile; fileRef = 6ECA07692B7BD6F50046BF63 /* frame4.usdz */; };
		6ECA076F2B7BD6F50046BF63 /* frame3.usdz in Resources */ = {isa = PBXBuildFile; fileRef = 6ECA076A2B7BD6F50046BF63 /* frame3.usdz */; };
		6ECA07702B7BD6F50046BF63 /* frame2.usdz in Resources */ = {isa = PBXBuildFile; fileRef = 6ECA076B2B7BD6F50046BF63 /* frame2.usdz */; };
		6ECA07712B7BD6F50046BF63 /* frame1.usdz in Resources */ = {isa = PBXBuildFile; fileRef = 6ECA076C2B7BD6F50046BF63 /* frame1.usdz */; };
		6EE410E62B7C780700AE3217 /* ARViewContainer.swift in Sources */ = {isa = PBXBuildFile; fileRef = 6EE410E52B7C780700AE3217 /* ARViewContainer.swift */; };
		6EE410EA2B7C78DF00AE3217 /* PhotosPickerContainer.swift in Sources */ = {isa = PBXBuildFile; fileRef = 6EE410E92B7C78DF00AE3217 /* PhotosPickerContainer.swift */; };
/* End PBXBuildFile section */

/* Begin PBXFileReference section */
		6E0174DE2B7C637200E9E02F /* MyARView.swift */ = {isa = PBXFileReference; lastKnownFileType = sourcecode.swift; path = MyARView.swift; sourceTree = "<group>"; };
		6E0DBFE42B7B229300C1741D /* Earth.usdz */ = {isa = PBXFileReference; lastKnownFileType = file.usdz; path = Earth.usdz; sourceTree = "<group>"; };
		6E0DBFEB2B7B3E3A00C1741D /* tahoe.jpg */ = {isa = PBXFileReference; lastKnownFileType = image.jpeg; path = tahoe.jpg; sourceTree = "<group>"; };
		6E445E142B7B15B600F4A631 /* AR-Gallery.app */ = {isa = PBXFileReference; explicitFileType = wrapper.application; includeInIndex = 0; path = "AR-Gallery.app"; sourceTree = BUILT_PRODUCTS_DIR; };
		6E445E172B7B15B600F4A631 /* AppDelegate.swift */ = {isa = PBXFileReference; lastKnownFileType = sourcecode.swift; path = AppDelegate.swift; sourceTree = "<group>"; };
		6E445E192B7B15B600F4A631 /* ContentView.swift */ = {isa = PBXFileReference; lastKnownFileType = sourcecode.swift; path = ContentView.swift; sourceTree = "<group>"; };
		6E445E1B2B7B15B700F4A631 /* Assets.xcassets */ = {isa = PBXFileReference; lastKnownFileType = folder.assetcatalog; path = Assets.xcassets; sourceTree = "<group>"; };
		6E445E1E2B7B15B700F4A631 /* Preview Assets.xcassets */ = {isa = PBXFileReference; lastKnownFileType = folder.assetcatalog; path = "Preview Assets.xcassets"; sourceTree = "<group>"; };
		6ECA07682B7BD6F50046BF63 /* frame5.usdz */ = {isa = PBXFileReference; lastKnownFileType = file.usdz; path = frame5.usdz; sourceTree = "<group>"; };
		6ECA07692B7BD6F50046BF63 /* frame4.usdz */ = {isa = PBXFileReference; lastKnownFileType = file.usdz; path = frame4.usdz; sourceTree = "<group>"; };
		6ECA076A2B7BD6F50046BF63 /* frame3.usdz */ = {isa = PBXFileReference; lastKnownFileType = file.usdz; path = frame3.usdz; sourceTree = "<group>"; };
		6ECA076B2B7BD6F50046BF63 /* frame2.usdz */ = {isa = PBXFileReference; lastKnownFileType = file.usdz; path = frame2.usdz; sourceTree = "<group>"; };
		6ECA076C2B7BD6F50046BF63 /* frame1.usdz */ = {isa = PBXFileReference; lastKnownFileType = file.usdz; path = frame1.usdz; sourceTree = "<group>"; };
		6EE410E52B7C780700AE3217 /* ARViewContainer.swift */ = {isa = PBXFileReference; lastKnownFileType = sourcecode.swift; path = ARViewContainer.swift; sourceTree = "<group>"; };
		6EE410E92B7C78DF00AE3217 /* PhotosPickerContainer.swift */ = {isa = PBXFileReference; lastKnownFileType = sourcecode.swift; path = PhotosPickerContainer.swift; sourceTree = "<group>"; };
/* End PBXFileReference section */

/* Begin PBXFrameworksBuildPhase section */
		6E445E112B7B15B600F4A631 /* Frameworks */ = {
			isa = PBXFrameworksBuildPhase;
			buildActionMask = 2147483647;
			files = (
				6E3C4E192B7BB8BD0085BF06 /* FocusEntity in Frameworks */,
			);
			runOnlyForDeploymentPostprocessing = 0;
		};
/* End PBXFrameworksBuildPhase section */

/* Begin PBXGroup section */
		6E445E0B2B7B15B600F4A631 = {
			isa = PBXGroup;
			children = (
				6E445E162B7B15B600F4A631 /* AR-Gallery */,
				6E445E152B7B15B600F4A631 /* Products */,
			);
			sourceTree = "<group>";
		};
		6E445E152B7B15B600F4A631 /* Products */ = {
			isa = PBXGroup;
			children = (
				6E445E142B7B15B600F4A631 /* AR-Gallery.app */,
			);
			name = Products;
			sourceTree = "<group>";
		};
		6E445E162B7B15B600F4A631 /* AR-Gallery */ = {
			isa = PBXGroup;
			children = (
				6ECA07672B7BD6F50046BF63 /* frames */,
				6E0DBFEB2B7B3E3A00C1741D /* tahoe.jpg */,
				6E0DBFE42B7B229300C1741D /* Earth.usdz */,
				6E445E172B7B15B600F4A631 /* AppDelegate.swift */,
				6E445E192B7B15B600F4A631 /* ContentView.swift */,
				6E445E1B2B7B15B700F4A631 /* Assets.xcassets */,
				6E445E1D2B7B15B700F4A631 /* Preview Content */,
				6E0174DE2B7C637200E9E02F /* MyARView.swift */,
				6EE410E52B7C780700AE3217 /* ARViewContainer.swift */,
				6EE410E92B7C78DF00AE3217 /* PhotosPickerContainer.swift */,
			);
			path = "AR-Gallery";
			sourceTree = "<group>";
		};
		6E445E1D2B7B15B700F4A631 /* Preview Content */ = {
			isa = PBXGroup;
			children = (
				6E445E1E2B7B15B700F4A631 /* Preview Assets.xcassets */,
			);
			path = "Preview Content";
			sourceTree = "<group>";
		};
		6ECA07672B7BD6F50046BF63 /* frames */ = {
			isa = PBXGroup;
			children = (
				6ECA07682B7BD6F50046BF63 /* frame5.usdz */,
				6ECA07692B7BD6F50046BF63 /* frame4.usdz */,
				6ECA076A2B7BD6F50046BF63 /* frame3.usdz */,
				6ECA076B2B7BD6F50046BF63 /* frame2.usdz */,
				6ECA076C2B7BD6F50046BF63 /* frame1.usdz */,
			);
			path = frames;
			sourceTree = "<group>";
		};
/* End PBXGroup section */

/* Begin PBXNativeTarget section */
		6E445E132B7B15B600F4A631 /* AR-Gallery */ = {
			isa = PBXNativeTarget;
			buildConfigurationList = 6E445E222B7B15B700F4A631 /* Build configuration list for PBXNativeTarget "AR-Gallery" */;
			buildPhases = (
				6E445E102B7B15B600F4A631 /* Sources */,
				6E445E112B7B15B600F4A631 /* Frameworks */,
				6E445E122B7B15B600F4A631 /* Resources */,
			);
			buildRules = (
			);
			dependencies = (
			);
			name = "AR-Gallery";
			packageProductDependencies = (
				6E3C4E182B7BB8BD0085BF06 /* FocusEntity */,
			);
			productName = "AR-Gallery";
			productReference = 6E445E142B7B15B600F4A631 /* AR-Gallery.app */;
			productType = "com.apple.product-type.application";
		};
/* End PBXNativeTarget section */

/* Begin PBXProject section */
		6E445E0C2B7B15B600F4A631 /* Project object */ = {
			isa = PBXProject;
			attributes = {
				BuildIndependentTargetsInParallel = 1;
				LastSwiftUpdateCheck = 1520;
				LastUpgradeCheck = 1520;
				TargetAttributes = {
					6E445E132B7B15B600F4A631 = {
						CreatedOnToolsVersion = 15.2;
					};
				};
			};
			buildConfigurationList = 6E445E0F2B7B15B600F4A631 /* Build configuration list for PBXProject "AR-Gallery" */;
			compatibilityVersion = "Xcode 14.0";
			developmentRegion = en;
			hasScannedForEncodings = 0;
			knownRegions = (
				en,
				Base,
			);
			mainGroup = 6E445E0B2B7B15B600F4A631;
			packageReferences = (
				6E3C4E172B7BB8BD0085BF06 /* XCRemoteSwiftPackageReference "FocusEntity" */,
			);
			productRefGroup = 6E445E152B7B15B600F4A631 /* Products */;
			projectDirPath = "";
			projectRoot = "";
			targets = (
				6E445E132B7B15B600F4A631 /* AR-Gallery */,
			);
		};
/* End PBXProject section */

/* Begin PBXResourcesBuildPhase section */
		6E445E122B7B15B600F4A631 /* Resources */ = {
			isa = PBXResourcesBuildPhase;
			buildActionMask = 2147483647;
			files = (
				6E445E1F2B7B15B700F4A631 /* Preview Assets.xcassets in Resources */,
				6ECA07712B7BD6F50046BF63 /* frame1.usdz in Resources */,
				6E0DBFEC2B7B3E3A00C1741D /* tahoe.jpg in Resources */,
				6E0DBFE52B7B229300C1741D /* Earth.usdz in Resources */,
				6ECA076D2B7BD6F50046BF63 /* frame5.usdz in Resources */,
				6ECA07702B7BD6F50046BF63 /* frame2.usdz in Resources */,
				6ECA076F2B7BD6F50046BF63 /* frame3.usdz in Resources */,
				6ECA076E2B7BD6F50046BF63 /* frame4.usdz in Resources */,
				6E445E1C2B7B15B700F4A631 /* Assets.xcassets in Resources */,
			);
			runOnlyForDeploymentPostprocessing = 0;
		};
/* End PBXResourcesBuildPhase section */

/* Begin PBXSourcesBuildPhase section */
		6E445E102B7B15B600F4A631 /* Sources */ = {
			isa = PBXSourcesBuildPhase;
			buildActionMask = 2147483647;
			files = (
				6EE410EA2B7C78DF00AE3217 /* PhotosPickerContainer.swift in Sources */,
				6E445E1A2B7B15B600F4A631 /* ContentView.swift in Sources */,
				6EE410E62B7C780700AE3217 /* ARViewContainer.swift in Sources */,
				6E0174DF2B7C637200E9E02F /* MyARView.swift in Sources */,
				6E445E182B7B15B600F4A631 /* AppDelegate.swift in Sources */,
			);
			runOnlyForDeploymentPostprocessing = 0;
		};
/* End PBXSourcesBuildPhase section */

/* Begin XCBuildConfiguration section */
		6E445E202B7B15B700F4A631 /* Debug */ = {
			isa = XCBuildConfiguration;
			buildSettings = {
				ALWAYS_SEARCH_USER_PATHS = NO;
				ASSETCATALOG_COMPILER_GENERATE_SWIFT_ASSET_SYMBOL_EXTENSIONS = YES;
				CLANG_ANALYZER_NONNULL = YES;
				CLANG_ANALYZER_NUMBER_OBJECT_CONVERSION = YES_AGGRESSIVE;
				CLANG_CXX_LANGUAGE_STANDARD = "gnu++20";
				CLANG_ENABLE_MODULES = YES;
				CLANG_ENABLE_OBJC_ARC = YES;
				CLANG_ENABLE_OBJC_WEAK = YES;
				CLANG_WARN_BLOCK_CAPTURE_AUTORELEASING = YES;
				CLANG_WARN_BOOL_CONVERSION = YES;
				CLANG_WARN_COMMA = YES;
				CLANG_WARN_CONSTANT_CONVERSION = YES;
				CLANG_WARN_DEPRECATED_OBJC_IMPLEMENTATIONS = YES;
				CLANG_WARN_DIRECT_OBJC_ISA_USAGE = YES_ERROR;
				CLANG_WARN_DOCUMENTATION_COMMENTS = YES;
				CLANG_WARN_EMPTY_BODY = YES;
				CLANG_WARN_ENUM_CONVERSION = YES;
				CLANG_WARN_INFINITE_RECURSION = YES;
				CLANG_WARN_INT_CONVERSION = YES;
				CLANG_WARN_NON_LITERAL_NULL_CONVERSION = YES;
				CLANG_WARN_OBJC_IMPLICIT_RETAIN_SELF = YES;
				CLANG_WARN_OBJC_LITERAL_CONVERSION = YES;
				CLANG_WARN_OBJC_ROOT_CLASS = YES_ERROR;
				CLANG_WARN_QUOTED_INCLUDE_IN_FRAMEWORK_HEADER = YES;
				CLANG_WARN_RANGE_LOOP_ANALYSIS = YES;
				CLANG_WARN_STRICT_PROTOTYPES = YES;
				CLANG_WARN_SUSPICIOUS_MOVE = YES;
				CLANG_WARN_UNGUARDED_AVAILABILITY = YES_AGGRESSIVE;
				CLANG_WARN_UNREACHABLE_CODE = YES;
				CLANG_WARN__DUPLICATE_METHOD_MATCH = YES;
				COPY_PHASE_STRIP = NO;
				DEBUG_INFORMATION_FORMAT = dwarf;
				ENABLE_STRICT_OBJC_MSGSEND = YES;
				ENABLE_TESTABILITY = YES;
				ENABLE_USER_SCRIPT_SANDBOXING = YES;
				GCC_C_LANGUAGE_STANDARD = gnu17;
				GCC_DYNAMIC_NO_PIC = NO;
				GCC_NO_COMMON_BLOCKS = YES;
				GCC_OPTIMIZATION_LEVEL = 0;
				GCC_PREPROCESSOR_DEFINITIONS = (
					"DEBUG=1",
					"$(inherited)",
				);
				GCC_WARN_64_TO_32_BIT_CONVERSION = YES;
				GCC_WARN_ABOUT_RETURN_TYPE = YES_ERROR;
				GCC_WARN_UNDECLARED_SELECTOR = YES;
				GCC_WARN_UNINITIALIZED_AUTOS = YES_AGGRESSIVE;
				GCC_WARN_UNUSED_FUNCTION = YES;
				GCC_WARN_UNUSED_VARIABLE = YES;
				IPHONEOS_DEPLOYMENT_TARGET = 17.2;
				LOCALIZATION_PREFERS_STRING_CATALOGS = YES;
				MTL_ENABLE_DEBUG_INFO = INCLUDE_SOURCE;
				MTL_FAST_MATH = YES;
				ONLY_ACTIVE_ARCH = YES;
				SDKROOT = iphoneos;
				SWIFT_ACTIVE_COMPILATION_CONDITIONS = "DEBUG $(inherited)";
				SWIFT_OPTIMIZATION_LEVEL = "-Onone";
			};
			name = Debug;
		};
		6E445E212B7B15B700F4A631 /* Release */ = {
			isa = XCBuildConfiguration;
			buildSettings = {
				ALWAYS_SEARCH_USER_PATHS = NO;
				ASSETCATALOG_COMPILER_GENERATE_SWIFT_ASSET_SYMBOL_EXTENSIONS = YES;
				CLANG_ANALYZER_NONNULL = YES;
				CLANG_ANALYZER_NUMBER_OBJECT_CONVERSION = YES_AGGRESSIVE;
				CLANG_CXX_LANGUAGE_STANDARD = "gnu++20";
				CLANG_ENABLE_MODULES = YES;
				CLANG_ENABLE_OBJC_ARC = YES;
				CLANG_ENABLE_OBJC_WEAK = YES;
				CLANG_WARN_BLOCK_CAPTURE_AUTORELEASING = YES;
				CLANG_WARN_BOOL_CONVERSION = YES;
				CLANG_WARN_COMMA = YES;
				CLANG_WARN_CONSTANT_CONVERSION = YES;
				CLANG_WARN_DEPRECATED_OBJC_IMPLEMENTATIONS = YES;
				CLANG_WARN_DIRECT_OBJC_ISA_USAGE = YES_ERROR;
				CLANG_WARN_DOCUMENTATION_COMMENTS = YES;
				CLANG_WARN_EMPTY_BODY = YES;
				CLANG_WARN_ENUM_CONVERSION = YES;
				CLANG_WARN_INFINITE_RECURSION = YES;
				CLANG_WARN_INT_CONVERSION = YES;
				CLANG_WARN_NON_LITERAL_NULL_CONVERSION = YES;
				CLANG_WARN_OBJC_IMPLICIT_RETAIN_SELF = YES;
				CLANG_WARN_OBJC_LITERAL_CONVERSION = YES;
				CLANG_WARN_OBJC_ROOT_CLASS = YES_ERROR;
				CLANG_WARN_QUOTED_INCLUDE_IN_FRAMEWORK_HEADER = YES;
				CLANG_WARN_RANGE_LOOP_ANALYSIS = YES;
				CLANG_WARN_STRICT_PROTOTYPES = YES;
				CLANG_WARN_SUSPICIOUS_MOVE = YES;
				CLANG_WARN_UNGUARDED_AVAILABILITY = YES_AGGRESSIVE;
				CLANG_WARN_UNREACHABLE_CODE = YES;
				CLANG_WARN__DUPLICATE_METHOD_MATCH = YES;
				COPY_PHASE_STRIP = NO;
				DEBUG_INFORMATION_FORMAT = "dwarf-with-dsym";
				ENABLE_NS_ASSERTIONS = NO;
				ENABLE_STRICT_OBJC_MSGSEND = YES;
				ENABLE_USER_SCRIPT_SANDBOXING = YES;
				GCC_C_LANGUAGE_STANDARD = gnu17;
				GCC_NO_COMMON_BLOCKS = YES;
				GCC_WARN_64_TO_32_BIT_CONVERSION = YES;
				GCC_WARN_ABOUT_RETURN_TYPE = YES_ERROR;
				GCC_WARN_UNDECLARED_SELECTOR = YES;
				GCC_WARN_UNINITIALIZED_AUTOS = YES_AGGRESSIVE;
				GCC_WARN_UNUSED_FUNCTION = YES;
				GCC_WARN_UNUSED_VARIABLE = YES;
				IPHONEOS_DEPLOYMENT_TARGET = 17.2;
				LOCALIZATION_PREFERS_STRING_CATALOGS = YES;
				MTL_ENABLE_DEBUG_INFO = NO;
				MTL_FAST_MATH = YES;
				SDKROOT = iphoneos;
				SWIFT_COMPILATION_MODE = wholemodule;
				VALIDATE_PRODUCT = YES;
			};
			name = Release;
		};
		6E445E232B7B15B700F4A631 /* Debug */ = {
			isa = XCBuildConfiguration;
			buildSettings = {
				ASSETCATALOG_COMPILER_APPICON_NAME = AppIcon;
				ASSETCATALOG_COMPILER_GLOBAL_ACCENT_COLOR_NAME = AccentColor;
				CODE_SIGN_STYLE = Automatic;
				CURRENT_PROJECT_VERSION = 1;
				DEVELOPMENT_ASSET_PATHS = "\"AR-Gallery/Preview Content\"";
				DEVELOPMENT_TEAM = 2M97T8DB8N;
				ENABLE_PREVIEWS = YES;
				GENERATE_INFOPLIST_FILE = YES;
				INFOPLIST_KEY_CFBundleDisplayName = "AR Gallery";
				INFOPLIST_KEY_NSCameraUsageDescription = "";
				INFOPLIST_KEY_UIApplicationSupportsIndirectInputEvents = YES;
				INFOPLIST_KEY_UILaunchScreen_Generation = YES;
				INFOPLIST_KEY_UIRequiredDeviceCapabilities = arkit;
				INFOPLIST_KEY_UIStatusBarHidden = YES;
				INFOPLIST_KEY_UISupportedInterfaceOrientations_iPad = "UIInterfaceOrientationPortrait UIInterfaceOrientationPortraitUpsideDown UIInterfaceOrientationLandscapeLeft UIInterfaceOrientationLandscapeRight";
				INFOPLIST_KEY_UISupportedInterfaceOrientations_iPhone = "UIInterfaceOrientationPortrait UIInterfaceOrientationLandscapeLeft UIInterfaceOrientationLandscapeRight";
				LD_RUNPATH_SEARCH_PATHS = (
					"$(inherited)",
					"@executable_path/Frameworks",
				);
				MARKETING_VERSION = 1.0;
				PRODUCT_BUNDLE_IDENTIFIER = "dev.sourish.AR-Gallery";
				PRODUCT_NAME = "$(TARGET_NAME)";
				SWIFT_EMIT_LOC_STRINGS = YES;
				SWIFT_VERSION = 5.0;
				TARGETED_DEVICE_FAMILY = "1,2";
			};
			name = Debug;
		};
		6E445E242B7B15B700F4A631 /* Release */ = {
			isa = XCBuildConfiguration;
			buildSettings = {
				ASSETCATALOG_COMPILER_APPICON_NAME = AppIcon;
				ASSETCATALOG_COMPILER_GLOBAL_ACCENT_COLOR_NAME = AccentColor;
				CODE_SIGN_STYLE = Automatic;
				CURRENT_PROJECT_VERSION = 1;
				DEVELOPMENT_ASSET_PATHS = "\"AR-Gallery/Preview Content\"";
				DEVELOPMENT_TEAM = 2M97T8DB8N;
				ENABLE_PREVIEWS = YES;
				GENERATE_INFOPLIST_FILE = YES;
				INFOPLIST_KEY_CFBundleDisplayName = "AR Gallery";
				INFOPLIST_KEY_NSCameraUsageDescription = "";
				INFOPLIST_KEY_UIApplicationSupportsIndirectInputEvents = YES;
				INFOPLIST_KEY_UILaunchScreen_Generation = YES;
				INFOPLIST_KEY_UIRequiredDeviceCapabilities = arkit;
				INFOPLIST_KEY_UIStatusBarHidden = YES;
				INFOPLIST_KEY_UISupportedInterfaceOrientations_iPad = "UIInterfaceOrientationPortrait UIInterfaceOrientationPortraitUpsideDown UIInterfaceOrientationLandscapeLeft UIInterfaceOrientationLandscapeRight";
				INFOPLIST_KEY_UISupportedInterfaceOrientations_iPhone = "UIInterfaceOrientationPortrait UIInterfaceOrientationLandscapeLeft UIInterfaceOrientationLandscapeRight";
				LD_RUNPATH_SEARCH_PATHS = (
					"$(inherited)",
					"@executable_path/Frameworks",
				);
				MARKETING_VERSION = 1.0;
				PRODUCT_BUNDLE_IDENTIFIER = "dev.sourish.AR-Gallery";
				PRODUCT_NAME = "$(TARGET_NAME)";
				SWIFT_EMIT_LOC_STRINGS = YES;
				SWIFT_VERSION = 5.0;
				TARGETED_DEVICE_FAMILY = "1,2";
			};
			name = Release;
		};
/* End XCBuildConfiguration section */

/* Begin XCConfigurationList section */
		6E445E0F2B7B15B600F4A631 /* Build configuration list for PBXProject "AR-Gallery" */ = {
			isa = XCConfigurationList;
			buildConfigurations = (
				6E445E202B7B15B700F4A631 /* Debug */,
				6E445E212B7B15B700F4A631 /* Release */,
			);
			defaultConfigurationIsVisible = 0;
			defaultConfigurationName = Release;
		};
		6E445E222B7B15B700F4A631 /* Build configuration list for PBXNativeTarget "AR-Gallery" */ = {
			isa = XCConfigurationList;
			buildConfigurations = (
				6E445E232B7B15B700F4A631 /* Debug */,
				6E445E242B7B15B700F4A631 /* Release */,
			);
			defaultConfigurationIsVisible = 0;
			defaultConfigurationName = Release;
		};
/* End XCConfigurationList section */

/* Begin XCRemoteSwiftPackageReference section */
		6E3C4E172B7BB8BD0085BF06 /* XCRemoteSwiftPackageReference "FocusEntity" */ = {
			isa = XCRemoteSwiftPackageReference;
			repositoryURL = "https://github.com/maxxfrazer/FocusEntity";
			requirement = {
				kind = upToNextMajorVersion;
				minimumVersion = 2.5.0;
			};
		};
/* End XCRemoteSwiftPackageReference section */

/* Begin XCSwiftPackageProductDependency section */
		6E3C4E182B7BB8BD0085BF06 /* FocusEntity */ = {
			isa = XCSwiftPackageProductDependency;
			package = 6E3C4E172B7BB8BD0085BF06 /* XCRemoteSwiftPackageReference "FocusEntity" */;
			productName = FocusEntity;
		};
/* End XCSwiftPackageProductDependency section */
	};
	rootObject = 6E445E0C2B7B15B600F4A631 /* Project object */;
}
